
Microsoft Visual Studio Solution File, Format Version 12.00
# Visual Studio Version 17
VisualStudioVersion = 17.4.33213.308
MinimumVisualStudioVersion = 10.0.40219.1
Project("{9A19103F-16F7-4668-BE54-9A1E7A4F7556}") = "security_voorbeeld", "security_voorbeeld.csproj", "{34EEEBC1-676E-47D7-816E-F10E6BE119A2}"
EndProject
Global
	GlobalSection(SolutionConfigurationPlatforms) = preSolution
		Debug|Any CPU = Debug|Any CPU
		Release|Any CPU = Release|Any CPU
	EndGlobalSection
	GlobalSection(ProjectConfigurationPlatforms) = postSolution
		{34EEEBC1-676E-47D7-816E-F10E6BE119A2}.Debug|Any CPU.ActiveCfg = Debug|Any CPU
		{34EEEBC1-676E-47D7-816E-F10E6BE119A2}.Debug|Any CPU.Build.0 = Debug|Any CPU
		{34EEEBC1-676E-47D7-816E-F10E6BE119A2}.Release|Any CPU.ActiveCfg = Release|Any CPU
		{34EEEBC1-676E-47D7-816E-F10E6BE119A2}.Release|Any CPU.Build.0 = Release|Any CPU
	EndGlobalSection
	GlobalSection(SolutionProperties) = preSolution
		HideSolutionNode = FALSE
	EndGlobalSection
	GlobalSection(ExtensibilityGlobals) = postSolution
		SolutionGuid = {6AC038F3-BD66-4AB7-AE44-83B8829A41B4}
	EndGlobalSection
EndGlobal
